// !$*UTF8*$!
{
	archiveVersion = 1;
	classes = {
	};
	objectVersion = 50;
	objects = {

/* Begin PBXBuildFile section */
		933D07572091490B00B44655 /* AppDelegate.swift in Sources */ = {isa = PBXBuildFile; fileRef = 933D07562091490B00B44655 /* AppDelegate.swift */; };
		933D075C2091490B00B44655 /* Main.storyboard in Resources */ = {isa = PBXBuildFile; fileRef = 933D075A2091490B00B44655 /* Main.storyboard */; };
		933D075E2091490C00B44655 /* Assets.xcassets in Resources */ = {isa = PBXBuildFile; fileRef = 933D075D2091490C00B44655 /* Assets.xcassets */; };
		933D07612091490C00B44655 /* LaunchScreen.storyboard in Resources */ = {isa = PBXBuildFile; fileRef = 933D075F2091490C00B44655 /* LaunchScreen.storyboard */; };
		9365557B20914B3F00570809 /* Whisper.framework in Frameworks */ = {isa = PBXBuildFile; fileRef = 9365557120914B3E00570809 /* Whisper.framework */; };
		9365557D20914B3F00570809 /* Eureka.framework in Frameworks */ = {isa = PBXBuildFile; fileRef = 9365557320914B3E00570809 /* Eureka.framework */; };
		9365558020914B3F00570809 /* Nuke.framework in Frameworks */ = {isa = PBXBuildFile; fileRef = 9365557620914B3F00570809 /* Nuke.framework */; };
		9365558420914B3F00570809 /* ImagePicker.framework in Frameworks */ = {isa = PBXBuildFile; fileRef = 9365557A20914B3F00570809 /* ImagePicker.framework */; };
		9365559020914CC700570809 /* Product.swift in Sources */ = {isa = PBXBuildFile; fileRef = 9365558520914CC600570809 /* Product.swift */; };
		9365559120914CC700570809 /* ImageCollectionViewController.swift in Sources */ = {isa = PBXBuildFile; fileRef = 9365558620914CC600570809 /* ImageCollectionViewController.swift */; };
		9365559220914CC700570809 /* ProductNavigationController.swift in Sources */ = {isa = PBXBuildFile; fileRef = 9365558720914CC600570809 /* ProductNavigationController.swift */; };
		9365559320914CC700570809 /* ClassificationViewController.swift in Sources */ = {isa = PBXBuildFile; fileRef = 9365558820914CC600570809 /* ClassificationViewController.swift */; };
		9365559420914CC700570809 /* ProductFormViewController.swift in Sources */ = {isa = PBXBuildFile; fileRef = 9365558920914CC600570809 /* ProductFormViewController.swift */; };
		9365559520914CC700570809 /* kwjewelry.mlmodel in Sources */ = {isa = PBXBuildFile; fileRef = 9365558A20914CC600570809 /* kwjewelry.mlmodel */; };
		9365559620914CC700570809 /* ProductTableViewController.swift in Sources */ = {isa = PBXBuildFile; fileRef = 9365558B20914CC600570809 /* ProductTableViewController.swift */; };
		9365559720914CC700570809 /* ViewControllerExtensions.swift in Sources */ = {isa = PBXBuildFile; fileRef = 9365558C20914CC600570809 /* ViewControllerExtensions.swift */; };
		9365559820914CC700570809 /* ProductManager.swift in Sources */ = {isa = PBXBuildFile; fileRef = 9365558D20914CC600570809 /* ProductManager.swift */; };
		9365559920914CC700570809 /* CurrencyFormatter.swift in Sources */ = {isa = PBXBuildFile; fileRef = 9365558E20914CC700570809 /* CurrencyFormatter.swift */; };
		9365559A20914CC700570809 /* ImageExtensions.swift in Sources */ = {isa = PBXBuildFile; fileRef = 9365558F20914CC700570809 /* ImageExtensions.swift */; };
		93978F782092B6FD00DC78C3 /* UtilityExtensions.swift in Sources */ = {isa = PBXBuildFile; fileRef = 93978F772092B6FD00DC78C3 /* UtilityExtensions.swift */; };
		93978F7A2092B8A400DC78C3 /* RetailVision.plist in Resources */ = {isa = PBXBuildFile; fileRef = 93978F792092B8A400DC78C3 /* RetailVision.plist */; };
		C749731622270D2100D16B46 /* CustomVisionClientError.swift in Sources */ = {isa = PBXBuildFile; fileRef = C749730E22270D2000D16B46 /* CustomVisionClientError.swift */; };
		C749731722270D2100D16B46 /* CustomVisionResponse.swift in Sources */ = {isa = PBXBuildFile; fileRef = C749730F22270D2000D16B46 /* CustomVisionResponse.swift */; };
		C749731822270D2100D16B46 /* CustomVisionClient.swift in Sources */ = {isa = PBXBuildFile; fileRef = C749731022270D2000D16B46 /* CustomVisionClient.swift */; };
		C749731922270D2100D16B46 /* CustomVisionKeys.swift in Sources */ = {isa = PBXBuildFile; fileRef = C749731122270D2000D16B46 /* CustomVisionKeys.swift */; };
		C749731A22270D2100D16B46 /* CustomVisionExport.swift in Sources */ = {isa = PBXBuildFile; fileRef = C749731222270D2000D16B46 /* CustomVisionExport.swift */; };
		C749731B22270D2100D16B46 /* CustomVisionModels.swift in Sources */ = {isa = PBXBuildFile; fileRef = C749731322270D2000D16B46 /* CustomVisionModels.swift */; };
		C749731C22270D2100D16B46 /* CustomVisionApi.swift in Sources */ = {isa = PBXBuildFile; fileRef = C749731422270D2000D16B46 /* CustomVisionApi.swift */; };
		C749731D22270D2100D16B46 /* CustomVisionClientExtensions.swift in Sources */ = {isa = PBXBuildFile; fileRef = C749731522270D2000D16B46 /* CustomVisionClientExtensions.swift */; };
/* End PBXBuildFile section */

/* Begin PBXFileReference section */
		933D07532091490B00B44655 /* RetailVision.app */ = {isa = PBXFileReference; explicitFileType = wrapper.application; includeInIndex = 0; path = RetailVision.app; sourceTree = BUILT_PRODUCTS_DIR; };
		933D07562091490B00B44655 /* AppDelegate.swift */ = {isa = PBXFileReference; lastKnownFileType = sourcecode.swift; path = AppDelegate.swift; sourceTree = "<group>"; };
		933D075B2091490B00B44655 /* Base */ = {isa = PBXFileReference; lastKnownFileType = file.storyboard; name = Base; path = Base.lproj/Main.storyboard; sourceTree = "<group>"; };
		933D075D2091490C00B44655 /* Assets.xcassets */ = {isa = PBXFileReference; lastKnownFileType = folder.assetcatalog; path = Assets.xcassets; sourceTree = "<group>"; };
		933D07602091490C00B44655 /* Base */ = {isa = PBXFileReference; lastKnownFileType = file.storyboard; name = Base; path = Base.lproj/LaunchScreen.storyboard; sourceTree = "<group>"; };
		933D07622091490C00B44655 /* Info.plist */ = {isa = PBXFileReference; lastKnownFileType = text.plist.xml; path = Info.plist; sourceTree = "<group>"; };
		9365557120914B3E00570809 /* Whisper.framework */ = {isa = PBXFileReference; lastKnownFileType = wrapper.framework; name = Whisper.framework; path = Carthage/Build/iOS/Whisper.framework; sourceTree = "<group>"; };
		9365557320914B3E00570809 /* Eureka.framework */ = {isa = PBXFileReference; lastKnownFileType = wrapper.framework; name = Eureka.framework; path = Carthage/Build/iOS/Eureka.framework; sourceTree = "<group>"; };
		9365557620914B3F00570809 /* Nuke.framework */ = {isa = PBXFileReference; lastKnownFileType = wrapper.framework; name = Nuke.framework; path = Carthage/Build/iOS/Nuke.framework; sourceTree = "<group>"; };
		9365557A20914B3F00570809 /* ImagePicker.framework */ = {isa = PBXFileReference; lastKnownFileType = wrapper.framework; name = ImagePicker.framework; path = Carthage/Build/iOS/ImagePicker.framework; sourceTree = "<group>"; };
		9365558520914CC600570809 /* Product.swift */ = {isa = PBXFileReference; fileEncoding = 4; lastKnownFileType = sourcecode.swift; path = Product.swift; sourceTree = "<group>"; };
		9365558620914CC600570809 /* ImageCollectionViewController.swift */ = {isa = PBXFileReference; fileEncoding = 4; lastKnownFileType = sourcecode.swift; path = ImageCollectionViewController.swift; sourceTree = "<group>"; };
		9365558720914CC600570809 /* ProductNavigationController.swift */ = {isa = PBXFileReference; fileEncoding = 4; lastKnownFileType = sourcecode.swift; path = ProductNavigationController.swift; sourceTree = "<group>"; };
		9365558820914CC600570809 /* ClassificationViewController.swift */ = {isa = PBXFileReference; fileEncoding = 4; lastKnownFileType = sourcecode.swift; path = ClassificationViewController.swift; sourceTree = "<group>"; };
		9365558920914CC600570809 /* ProductFormViewController.swift */ = {isa = PBXFileReference; fileEncoding = 4; lastKnownFileType = sourcecode.swift; path = ProductFormViewController.swift; sourceTree = "<group>"; };
		9365558A20914CC600570809 /* kwjewelry.mlmodel */ = {isa = PBXFileReference; lastKnownFileType = file.mlmodel; path = kwjewelry.mlmodel; sourceTree = "<group>"; };
		9365558B20914CC600570809 /* ProductTableViewController.swift */ = {isa = PBXFileReference; fileEncoding = 4; lastKnownFileType = sourcecode.swift; path = ProductTableViewController.swift; sourceTree = "<group>"; };
		9365558C20914CC600570809 /* ViewControllerExtensions.swift */ = {isa = PBXFileReference; fileEncoding = 4; lastKnownFileType = sourcecode.swift; path = ViewControllerExtensions.swift; sourceTree = "<group>"; };
		9365558D20914CC600570809 /* ProductManager.swift */ = {isa = PBXFileReference; fileEncoding = 4; lastKnownFileType = sourcecode.swift; path = ProductManager.swift; sourceTree = "<group>"; };
		9365558E20914CC700570809 /* CurrencyFormatter.swift */ = {isa = PBXFileReference; fileEncoding = 4; lastKnownFileType = sourcecode.swift; path = CurrencyFormatter.swift; sourceTree = "<group>"; };
		9365558F20914CC700570809 /* ImageExtensions.swift */ = {isa = PBXFileReference; fileEncoding = 4; lastKnownFileType = sourcecode.swift; path = ImageExtensions.swift; sourceTree = "<group>"; };
		93978F772092B6FD00DC78C3 /* UtilityExtensions.swift */ = {isa = PBXFileReference; lastKnownFileType = sourcecode.swift; path = UtilityExtensions.swift; sourceTree = "<group>"; };
		93978F792092B8A400DC78C3 /* RetailVision.plist */ = {isa = PBXFileReference; lastKnownFileType = text.plist.xml; path = RetailVision.plist; sourceTree = "<group>"; };
		C749730E22270D2000D16B46 /* CustomVisionClientError.swift */ = {isa = PBXFileReference; fileEncoding = 4; lastKnownFileType = sourcecode.swift; path = CustomVisionClientError.swift; sourceTree = "<group>"; };
		C749730F22270D2000D16B46 /* CustomVisionResponse.swift */ = {isa = PBXFileReference; fileEncoding = 4; lastKnownFileType = sourcecode.swift; path = CustomVisionResponse.swift; sourceTree = "<group>"; };
		C749731022270D2000D16B46 /* CustomVisionClient.swift */ = {isa = PBXFileReference; fileEncoding = 4; lastKnownFileType = sourcecode.swift; path = CustomVisionClient.swift; sourceTree = "<group>"; };
		C749731122270D2000D16B46 /* CustomVisionKeys.swift */ = {isa = PBXFileReference; fileEncoding = 4; lastKnownFileType = sourcecode.swift; path = CustomVisionKeys.swift; sourceTree = "<group>"; };
		C749731222270D2000D16B46 /* CustomVisionExport.swift */ = {isa = PBXFileReference; fileEncoding = 4; lastKnownFileType = sourcecode.swift; path = CustomVisionExport.swift; sourceTree = "<group>"; };
		C749731322270D2000D16B46 /* CustomVisionModels.swift */ = {isa = PBXFileReference; fileEncoding = 4; lastKnownFileType = sourcecode.swift; path = CustomVisionModels.swift; sourceTree = "<group>"; };
		C749731422270D2000D16B46 /* CustomVisionApi.swift */ = {isa = PBXFileReference; fileEncoding = 4; lastKnownFileType = sourcecode.swift; path = CustomVisionApi.swift; sourceTree = "<group>"; };
		C749731522270D2000D16B46 /* CustomVisionClientExtensions.swift */ = {isa = PBXFileReference; fileEncoding = 4; lastKnownFileType = sourcecode.swift; path = CustomVisionClientExtensions.swift; sourceTree = "<group>"; };
/* End PBXFileReference section */

/* Begin PBXFrameworksBuildPhase section */
		933D07502091490B00B44655 /* Frameworks */ = {
			isa = PBXFrameworksBuildPhase;
			buildActionMask = 2147483647;
			files = (
				9365557D20914B3F00570809 /* Eureka.framework in Frameworks */,
				9365558020914B3F00570809 /* Nuke.framework in Frameworks */,
				9365558420914B3F00570809 /* ImagePicker.framework in Frameworks */,
				9365557B20914B3F00570809 /* Whisper.framework in Frameworks */,
			);
			runOnlyForDeploymentPostprocessing = 0;
		};
/* End PBXFrameworksBuildPhase section */

/* Begin PBXGroup section */
		933D074A2091490B00B44655 = {
			isa = PBXGroup;
			children = (
				933D07552091490B00B44655 /* RetailVision */,
				933D07542091490B00B44655 /* Products */,
				9365557020914B3E00570809 /* Frameworks */,
			);
			sourceTree = "<group>";
		};
		933D07542091490B00B44655 /* Products */ = {
			isa = PBXGroup;
			children = (
				933D07532091490B00B44655 /* RetailVision.app */,
			);
			name = Products;
			sourceTree = "<group>";
		};
		933D07552091490B00B44655 /* RetailVision */ = {
			isa = PBXGroup;
			children = (
				C749731422270D2000D16B46 /* CustomVisionApi.swift */,
				C749731022270D2000D16B46 /* CustomVisionClient.swift */,
				C749730E22270D2000D16B46 /* CustomVisionClientError.swift */,
				C749731522270D2000D16B46 /* CustomVisionClientExtensions.swift */,
				C749731222270D2000D16B46 /* CustomVisionExport.swift */,
				C749731122270D2000D16B46 /* CustomVisionKeys.swift */,
				C749731322270D2000D16B46 /* CustomVisionModels.swift */,
				C749730F22270D2000D16B46 /* CustomVisionResponse.swift */,
				9365558A20914CC600570809 /* kwjewelry.mlmodel */,
				933D07622091490C00B44655 /* Info.plist */,
				933D07562091490B00B44655 /* AppDelegate.swift */,
				9365558820914CC600570809 /* ClassificationViewController.swift */,
				9365558E20914CC700570809 /* CurrencyFormatter.swift */,
				9365558620914CC600570809 /* ImageCollectionViewController.swift */,
				9365558F20914CC700570809 /* ImageExtensions.swift */,
				9365558520914CC600570809 /* Product.swift */,
				9365558920914CC600570809 /* ProductFormViewController.swift */,
				9365558D20914CC600570809 /* ProductManager.swift */,
				9365558720914CC600570809 /* ProductNavigationController.swift */,
				9365558B20914CC600570809 /* ProductTableViewController.swift */,
				9365558C20914CC600570809 /* ViewControllerExtensions.swift */,
				933D075D2091490C00B44655 /* Assets.xcassets */,
				933D075F2091490C00B44655 /* LaunchScreen.storyboard */,
				933D075A2091490B00B44655 /* Main.storyboard */,
				93978F772092B6FD00DC78C3 /* UtilityExtensions.swift */,
				93978F792092B8A400DC78C3 /* RetailVision.plist */,
			);
			path = RetailVision;
			sourceTree = "<group>";
		};
		9365557020914B3E00570809 /* Frameworks */ = {
			isa = PBXGroup;
			children = (
				9365557320914B3E00570809 /* Eureka.framework */,
				9365557A20914B3F00570809 /* ImagePicker.framework */,
				9365557620914B3F00570809 /* Nuke.framework */,
				9365557120914B3E00570809 /* Whisper.framework */,
			);
			name = Frameworks;
			sourceTree = "<group>";
		};
/* End PBXGroup section */

/* Begin PBXNativeTarget section */
		933D07522091490B00B44655 /* RetailVision */ = {
			isa = PBXNativeTarget;
			buildConfigurationList = 933D07652091490C00B44655 /* Build configuration list for PBXNativeTarget "RetailVision" */;
			buildPhases = (
				933D074F2091490B00B44655 /* Sources */,
				933D07502091490B00B44655 /* Frameworks */,
				933D07512091490B00B44655 /* Resources */,
				933D0768209149DD00B44655 /* Carthage Copy Frameworks */,
				933D0769209149E100B44655 /* Carthage Outdated Warning */,
			);
			buildRules = (
			);
			dependencies = (
			);
			name = RetailVision;
			productName = RetailVision;
			productReference = 933D07532091490B00B44655 /* RetailVision.app */;
			productType = "com.apple.product-type.application";
		};
/* End PBXNativeTarget section */

/* Begin PBXProject section */
		933D074B2091490B00B44655 /* Project object */ = {
			isa = PBXProject;
			attributes = {
				LastSwiftUpdateCheck = 0930;
				LastUpgradeCheck = 0930;
				ORGANIZATIONNAME = "Colby L Williams";
				TargetAttributes = {
					933D07522091490B00B44655 = {
						CreatedOnToolsVersion = 9.3;
					};
				};
			};
			buildConfigurationList = 933D074E2091490B00B44655 /* Build configuration list for PBXProject "RetailVision" */;
			compatibilityVersion = "Xcode 9.3";
			developmentRegion = en;
			hasScannedForEncodings = 0;
			knownRegions = (
				en,
				Base,
			);
			mainGroup = 933D074A2091490B00B44655;
			productRefGroup = 933D07542091490B00B44655 /* Products */;
			projectDirPath = "";
			projectRoot = "";
			targets = (
				933D07522091490B00B44655 /* RetailVision */,
			);
		};
/* End PBXProject section */

/* Begin PBXResourcesBuildPhase section */
		933D07512091490B00B44655 /* Resources */ = {
			isa = PBXResourcesBuildPhase;
			buildActionMask = 2147483647;
			files = (
				933D07612091490C00B44655 /* LaunchScreen.storyboard in Resources */,
				933D075E2091490C00B44655 /* Assets.xcassets in Resources */,
				93978F7A2092B8A400DC78C3 /* RetailVision.plist in Resources */,
				933D075C2091490B00B44655 /* Main.storyboard in Resources */,
			);
			runOnlyForDeploymentPostprocessing = 0;
		};
/* End PBXResourcesBuildPhase section */

/* Begin PBXShellScriptBuildPhase section */
		933D0768209149DD00B44655 /* Carthage Copy Frameworks */ = {
			isa = PBXShellScriptBuildPhase;
			buildActionMask = 2147483647;
			files = (
			);
			inputPaths = (
				"$(SRCROOT)/Carthage/Build/iOS/Eureka.framework",
				"$(SRCROOT)/Carthage/Build/iOS/Nuke.framework",
				"$(SRCROOT)/Carthage/Build/iOS/ImagePicker.framework",
				"$(SRCROOT)/Carthage/Build/iOS/Whisper.framework",
			);
			name = "Carthage Copy Frameworks";
			outputPaths = (
				"$(BUILT_PRODUCTS_DIR)/$(FRAMEWORKS_FOLDER_PATH)/Eureka.framework",
				"$(BUILT_PRODUCTS_DIR)/$(FRAMEWORKS_FOLDER_PATH)/Nuke.framework",
				"$(BUILT_PRODUCTS_DIR)/$(FRAMEWORKS_FOLDER_PATH)/ImagePicker.framework",
				"$(BUILT_PRODUCTS_DIR)/$(FRAMEWORKS_FOLDER_PATH)/Whisper.framework",
			);
			runOnlyForDeploymentPostprocessing = 0;
			shellPath = /bin/sh;
			shellScript = "/usr/local/bin/carthage copy-frameworks\n";
		};
		933D0769209149E100B44655 /* Carthage Outdated Warning */ = {
			isa = PBXShellScriptBuildPhase;
			buildActionMask = 2147483647;
			files = (
			);
			inputPaths = (
			);
			name = "Carthage Outdated Warning";
			outputPaths = (
			);
			runOnlyForDeploymentPostprocessing = 0;
			shellPath = /bin/sh;
			shellScript = "/usr/local/bin/carthage outdated --xcode-warnings\n";
		};
/* End PBXShellScriptBuildPhase section */

/* Begin PBXSourcesBuildPhase section */
		933D074F2091490B00B44655 /* Sources */ = {
			isa = PBXSourcesBuildPhase;
			buildActionMask = 2147483647;
			files = (
				9365559120914CC700570809 /* ImageCollectionViewController.swift in Sources */,
				9365559920914CC700570809 /* CurrencyFormatter.swift in Sources */,
				93978F782092B6FD00DC78C3 /* UtilityExtensions.swift in Sources */,
				C749731B22270D2100D16B46 /* CustomVisionModels.swift in Sources */,
				9365559820914CC700570809 /* ProductManager.swift in Sources */,
				C749731C22270D2100D16B46 /* CustomVisionApi.swift in Sources */,
				9365559620914CC700570809 /* ProductTableViewController.swift in Sources */,
				C749731822270D2100D16B46 /* CustomVisionClient.swift in Sources */,
				C749731A22270D2100D16B46 /* CustomVisionExport.swift in Sources */,
				9365559420914CC700570809 /* ProductFormViewController.swift in Sources */,
				9365559320914CC700570809 /* ClassificationViewController.swift in Sources */,
				C749731922270D2100D16B46 /* CustomVisionKeys.swift in Sources */,
				C749731722270D2100D16B46 /* CustomVisionResponse.swift in Sources */,
				9365559220914CC700570809 /* ProductNavigationController.swift in Sources */,
				C749731622270D2100D16B46 /* CustomVisionClientError.swift in Sources */,
				9365559520914CC700570809 /* kwjewelry.mlmodel in Sources */,
				9365559A20914CC700570809 /* ImageExtensions.swift in Sources */,
				C749731D22270D2100D16B46 /* CustomVisionClientExtensions.swift in Sources */,
				933D07572091490B00B44655 /* AppDelegate.swift in Sources */,
				9365559720914CC700570809 /* ViewControllerExtensions.swift in Sources */,
				9365559020914CC700570809 /* Product.swift in Sources */,
			);
			runOnlyForDeploymentPostprocessing = 0;
		};
/* End PBXSourcesBuildPhase section */

/* Begin PBXVariantGroup section */
		933D075A2091490B00B44655 /* Main.storyboard */ = {
			isa = PBXVariantGroup;
			children = (
				933D075B2091490B00B44655 /* Base */,
			);
			name = Main.storyboard;
			sourceTree = "<group>";
		};
		933D075F2091490C00B44655 /* LaunchScreen.storyboard */ = {
			isa = PBXVariantGroup;
			children = (
				933D07602091490C00B44655 /* Base */,
			);
			name = LaunchScreen.storyboard;
			sourceTree = "<group>";
		};
/* End PBXVariantGroup section */

/* Begin XCBuildConfiguration section */
		933D07632091490C00B44655 /* Debug */ = {
			isa = XCBuildConfiguration;
			buildSettings = {
				ALWAYS_SEARCH_USER_PATHS = NO;
				CLANG_ANALYZER_NONNULL = YES;
				CLANG_ANALYZER_NUMBER_OBJECT_CONVERSION = YES_AGGRESSIVE;
				CLANG_CXX_LANGUAGE_STANDARD = "gnu++14";
				CLANG_CXX_LIBRARY = "libc++";
				CLANG_ENABLE_MODULES = YES;
				CLANG_ENABLE_OBJC_ARC = YES;
				CLANG_ENABLE_OBJC_WEAK = YES;
				CLANG_WARN_BLOCK_CAPTURE_AUTORELEASING = YES;
				CLANG_WARN_BOOL_CONVERSION = YES;
				CLANG_WARN_COMMA = YES;
				CLANG_WARN_CONSTANT_CONVERSION = YES;
				CLANG_WARN_DEPRECATED_OBJC_IMPLEMENTATIONS = YES;
				CLANG_WARN_DIRECT_OBJC_ISA_USAGE = YES_ERROR;
				CLANG_WARN_DOCUMENTATION_COMMENTS = YES;
				CLANG_WARN_EMPTY_BODY = YES;
				CLANG_WARN_ENUM_CONVERSION = YES;
				CLANG_WARN_INFINITE_RECURSION = YES;
				CLANG_WARN_INT_CONVERSION = YES;
				CLANG_WARN_NON_LITERAL_NULL_CONVERSION = YES;
				CLANG_WARN_OBJC_IMPLICIT_RETAIN_SELF = YES;
				CLANG_WARN_OBJC_LITERAL_CONVERSION = YES;
				CLANG_WARN_OBJC_ROOT_CLASS = YES_ERROR;
				CLANG_WARN_RANGE_LOOP_ANALYSIS = YES;
				CLANG_WARN_STRICT_PROTOTYPES = YES;
				CLANG_WARN_SUSPICIOUS_MOVE = YES;
				CLANG_WARN_UNGUARDED_AVAILABILITY = YES_AGGRESSIVE;
				CLANG_WARN_UNREACHABLE_CODE = YES;
				CLANG_WARN__DUPLICATE_METHOD_MATCH = YES;
				CODE_SIGN_IDENTITY = "iPhone Developer";
				COPY_PHASE_STRIP = NO;
				DEBUG_INFORMATION_FORMAT = dwarf;
				ENABLE_STRICT_OBJC_MSGSEND = YES;
				ENABLE_TESTABILITY = YES;
				GCC_C_LANGUAGE_STANDARD = gnu11;
				GCC_DYNAMIC_NO_PIC = NO;
				GCC_NO_COMMON_BLOCKS = YES;
				GCC_OPTIMIZATION_LEVEL = 0;
				GCC_PREPROCESSOR_DEFINITIONS = (
					"DEBUG=1",
					"$(inherited)",
				);
				GCC_WARN_64_TO_32_BIT_CONVERSION = YES;
				GCC_WARN_ABOUT_RETURN_TYPE = YES_ERROR;
				GCC_WARN_UNDECLARED_SELECTOR = YES;
				GCC_WARN_UNINITIALIZED_AUTOS = YES_AGGRESSIVE;
				GCC_WARN_UNUSED_FUNCTION = YES;
				GCC_WARN_UNUSED_VARIABLE = YES;
				IPHONEOS_DEPLOYMENT_TARGET = 11.3;
				MTL_ENABLE_DEBUG_INFO = YES;
				ONLY_ACTIVE_ARCH = YES;
				SDKROOT = iphoneos;
				SWIFT_ACTIVE_COMPILATION_CONDITIONS = DEBUG;
				SWIFT_OPTIMIZATION_LEVEL = "-Onone";
			};
			name = Debug;
		};
		933D07642091490C00B44655 /* Release */ = {
			isa = XCBuildConfiguration;
			buildSettings = {
				ALWAYS_SEARCH_USER_PATHS = NO;
				CLANG_ANALYZER_NONNULL = YES;
				CLANG_ANALYZER_NUMBER_OBJECT_CONVERSION = YES_AGGRESSIVE;
				CLANG_CXX_LANGUAGE_STANDARD = "gnu++14";
				CLANG_CXX_LIBRARY = "libc++";
				CLANG_ENABLE_MODULES = YES;
				CLANG_ENABLE_OBJC_ARC = YES;
				CLANG_ENABLE_OBJC_WEAK = YES;
				CLANG_WARN_BLOCK_CAPTURE_AUTORELEASING = YES;
				CLANG_WARN_BOOL_CONVERSION = YES;
				CLANG_WARN_COMMA = YES;
				CLANG_WARN_CONSTANT_CONVERSION = YES;
				CLANG_WARN_DEPRECATED_OBJC_IMPLEMENTATIONS = YES;
				CLANG_WARN_DIRECT_OBJC_ISA_USAGE = YES_ERROR;
				CLANG_WARN_DOCUMENTATION_COMMENTS = YES;
				CLANG_WARN_EMPTY_BODY = YES;
				CLANG_WARN_ENUM_CONVERSION = YES;
				CLANG_WARN_INFINITE_RECURSION = YES;
				CLANG_WARN_INT_CONVERSION = YES;
				CLANG_WARN_NON_LITERAL_NULL_CONVERSION = YES;
				CLANG_WARN_OBJC_IMPLICIT_RETAIN_SELF = YES;
				CLANG_WARN_OBJC_LITERAL_CONVERSION = YES;
				CLANG_WARN_OBJC_ROOT_CLASS = YES_ERROR;
				CLANG_WARN_RANGE_LOOP_ANALYSIS = YES;
				CLANG_WARN_STRICT_PROTOTYPES = YES;
				CLANG_WARN_SUSPICIOUS_MOVE = YES;
				CLANG_WARN_UNGUARDED_AVAILABILITY = YES_AGGRESSIVE;
				CLANG_WARN_UNREACHABLE_CODE = YES;
				CLANG_WARN__DUPLICATE_METHOD_MATCH = YES;
				CODE_SIGN_IDENTITY = "iPhone Developer";
				COPY_PHASE_STRIP = NO;
				DEBUG_INFORMATION_FORMAT = "dwarf-with-dsym";
				ENABLE_NS_ASSERTIONS = NO;
				ENABLE_STRICT_OBJC_MSGSEND = YES;
				GCC_C_LANGUAGE_STANDARD = gnu11;
				GCC_NO_COMMON_BLOCKS = YES;
				GCC_WARN_64_TO_32_BIT_CONVERSION = YES;
				GCC_WARN_ABOUT_RETURN_TYPE = YES_ERROR;
				GCC_WARN_UNDECLARED_SELECTOR = YES;
				GCC_WARN_UNINITIALIZED_AUTOS = YES_AGGRESSIVE;
				GCC_WARN_UNUSED_FUNCTION = YES;
				GCC_WARN_UNUSED_VARIABLE = YES;
				IPHONEOS_DEPLOYMENT_TARGET = 11.3;
				MTL_ENABLE_DEBUG_INFO = NO;
				SDKROOT = iphoneos;
				SWIFT_COMPILATION_MODE = wholemodule;
				SWIFT_OPTIMIZATION_LEVEL = "-O";
				VALIDATE_PRODUCT = YES;
			};
			name = Release;
		};
		933D07662091490C00B44655 /* Debug */ = {
			isa = XCBuildConfiguration;
			buildSettings = {
				ASSETCATALOG_COMPILER_APPICON_NAME = AppIcon;
				CODE_SIGN_IDENTITY = "iPhone Developer";
				CODE_SIGN_STYLE = Automatic;
				DEVELOPMENT_TEAM = B84C73353E;
				FRAMEWORK_SEARCH_PATHS = (
					"$(inherited)",
					"$(PROJECT_DIR)/Carthage/Build/iOS",
				);
				INFOPLIST_FILE = RetailVision/Info.plist;
				LD_RUNPATH_SEARCH_PATHS = (
					"$(inherited)",
					"@executable_path/Frameworks",
				);
				PRODUCT_BUNDLE_IDENTIFIER = com.hieu.RetailVision;
				PRODUCT_NAME = "$(TARGET_NAME)";
				PROVISIONING_PROFILE_SPECIFIER = "";
				SWIFT_VERSION = 4.2;
				TARGETED_DEVICE_FAMILY = "1,2";
			};
			name = Debug;
		};
		933D07672091490C00B44655 /* Release */ = {
			isa = XCBuildConfiguration;
			buildSettings = {
				ASSETCATALOG_COMPILER_APPICON_NAME = AppIcon;
				CODE_SIGN_IDENTITY = "iPhone Developer";
				CODE_SIGN_STYLE = Automatic;
				DEVELOPMENT_TEAM = B84C73353E;
				FRAMEWORK_SEARCH_PATHS = (
					"$(inherited)",
					"$(PROJECT_DIR)/Carthage/Build/iOS",
				);
				INFOPLIST_FILE = RetailVision/Info.plist;
				LD_RUNPATH_SEARCH_PATHS = (
					"$(inherited)",
					"@executable_path/Frameworks",
				);
				PRODUCT_BUNDLE_IDENTIFIER = com.hieu.RetailVision;
				PRODUCT_NAME = "$(TARGET_NAME)";
				PROVISIONING_PROFILE_SPECIFIER = "";
				SWIFT_ACTIVE_COMPILATION_CONDITIONS = "";
				SWIFT_VERSION = 4.2;
				TARGETED_DEVICE_FAMILY = "1,2";
			};
			name = Release;
		};
/* End XCBuildConfiguration section */

/* Begin XCConfigurationList section */
		933D074E2091490B00B44655 /* Build configuration list for PBXProject "RetailVision" */ = {
			isa = XCConfigurationList;
			buildConfigurations = (
				933D07632091490C00B44655 /* Debug */,
				933D07642091490C00B44655 /* Release */,
			);
			defaultConfigurationIsVisible = 0;
			defaultConfigurationName = Release;
		};
		933D07652091490C00B44655 /* Build configuration list for PBXNativeTarget "RetailVision" */ = {
			isa = XCConfigurationList;
			buildConfigurations = (
				933D07662091490C00B44655 /* Debug */,
				933D07672091490C00B44655 /* Release */,
			);
			defaultConfigurationIsVisible = 0;
			defaultConfigurationName = Release;
		};
/* End XCConfigurationList section */
	};
	rootObject = 933D074B2091490B00B44655 /* Project object */;
}
